# This file is automatically @generated by Cargo.
# It is not intended for manual editing.
version = 3

[[package]]
name = "addr2line"
version = "0.21.0"
source = "registry+https://github.com/rust-lang/crates.io-index"
checksum = "8a30b2e23b9e17a9f90641c7ab1549cd9b44f296d3ccbf309d2863cfe398a0cb"
dependencies = [
 "gimli",
]

[[package]]
name = "adler"
version = "1.0.2"
source = "registry+https://github.com/rust-lang/crates.io-index"
checksum = "f26201604c87b1e01bd3d98f8d5d9a8fcbb815e8cedb41ffccbeb4bf593a35fe"

[[package]]
name = "ahash"
version = "0.7.8"
source = "registry+https://github.com/rust-lang/crates.io-index"
checksum = "891477e0c6a8957309ee5c45a6368af3ae14bb510732d2684ffa19af310920f9"
dependencies = [
 "getrandom",
 "once_cell",
 "version_check",
]

[[package]]
name = "ahash"
version = "0.8.11"
source = "registry+https://github.com/rust-lang/crates.io-index"
checksum = "e89da841a80418a9b391ebaea17f5c112ffaaa96f621d2c285b5174da76b9011"
dependencies = [
 "cfg-if",
 "once_cell",
 "version_check",
 "zerocopy",
]

[[package]]
name = "allocator-api2"
version = "0.2.18"
source = "registry+https://github.com/rust-lang/crates.io-index"
checksum = "5c6cb57a04249c6480766f7f7cef5467412af1490f8d1e243141daddada3264f"

[[package]]
name = "anyhow"
version = "1.0.83"
source = "registry+https://github.com/rust-lang/crates.io-index"
checksum = "25bdb32cbbdce2b519a9cd7df3a678443100e265d5e25ca763b7572a5104f5f3"

[[package]]
name = "arrayvec"
version = "0.7.4"
source = "registry+https://github.com/rust-lang/crates.io-index"
checksum = "96d30a06541fbafbc7f82ed10c06164cfbd2c401138f6addd8404629c4b16711"

[[package]]
name = "async-trait"
version = "0.1.80"
source = "registry+https://github.com/rust-lang/crates.io-index"
checksum = "c6fa2087f2753a7da8cc1c0dbfcf89579dd57458e36769de5ac750b4671737ca"
dependencies = [
 "proc-macro2",
 "quote",
 "syn 2.0.64",
]

[[package]]
name = "autocfg"
version = "1.3.0"
source = "registry+https://github.com/rust-lang/crates.io-index"
checksum = "0c4b4d0bd25bd0b74681c0ad21497610ce1b7c91b1022cd21c80c6fbdd9476b0"

[[package]]
name = "backtrace"
version = "0.3.71"
source = "registry+https://github.com/rust-lang/crates.io-index"
checksum = "26b05800d2e817c8b3b4b54abd461726265fa9789ae34330622f2db9ee696f9d"
dependencies = [
 "addr2line",
 "cc",
 "cfg-if",
 "libc",
 "miniz_oxide",
 "object",
 "rustc-demangle",
]

[[package]]
name = "base58ck"
version = "0.1.0"
source = "registry+https://github.com/rust-lang/crates.io-index"
checksum = "2c8d66485a3a2ea485c1913c4572ce0256067a5377ac8c75c4960e1cda98605f"
dependencies = [
 "bitcoin-internals",
 "bitcoin_hashes 0.14.0",
]

[[package]]
name = "base64"
version = "0.13.1"
source = "registry+https://github.com/rust-lang/crates.io-index"
checksum = "9e1b586273c5702936fe7b7d6896644d8be71e6314cfe09d3167c95f712589e8"

[[package]]
name = "bdk"
version = "0.29.0"
source = "registry+https://github.com/rust-lang/crates.io-index"
checksum = "2fc1fc1a92e0943bfbcd6eb7d32c1b2a79f2f1357eb1e2eee9d7f36d6d7ca44a"
dependencies = [
 "ahash 0.7.8",
 "async-trait",
 "bdk-macros",
 "bitcoin 0.30.2",
 "electrum-client",
 "getrandom",
 "js-sys",
 "log",
 "miniscript",
 "rand",
 "rusqlite",
 "serde",
 "serde_json",
 "sled",
 "tokio",
]

[[package]]
name = "bdk-macros"
version = "0.6.0"
source = "registry+https://github.com/rust-lang/crates.io-index"
checksum = "81c1980e50ae23bb6efa9283ae8679d6ea2c6fa6a99fe62533f65f4a25a1a56c"
dependencies = [
 "proc-macro2",
 "quote",
 "syn 1.0.109",
]

[[package]]
name = "bech32"
version = "0.9.1"
source = "registry+https://github.com/rust-lang/crates.io-index"
checksum = "d86b93f97252c47b41663388e6d155714a9d0c398b99f1005cbc5f978b29f445"

[[package]]
name = "bech32"
version = "0.11.0"
source = "registry+https://github.com/rust-lang/crates.io-index"
checksum = "d965446196e3b7decd44aa7ee49e31d630118f90ef12f97900f262eb915c951d"

[[package]]
name = "bitcoin"
version = "0.30.2"
source = "registry+https://github.com/rust-lang/crates.io-index"
checksum = "1945a5048598e4189e239d3f809b19bdad4845c4b2ba400d304d2dcf26d2c462"
dependencies = [
 "base64",
 "bech32 0.9.1",
 "bitcoin-private",
 "bitcoin_hashes 0.12.0",
 "hex_lit",
 "secp256k1 0.27.0",
 "serde",
]

[[package]]
name = "bitcoin"
version = "0.32.0"
source = "registry+https://github.com/rust-lang/crates.io-index"
checksum = "7170e7750a20974246f17ece04311b4205a6155f1db564c5b224af817663c3ea"
dependencies = [
 "base58ck",
 "bech32 0.11.0",
 "bitcoin-internals",
 "bitcoin-io",
 "bitcoin-units",
 "bitcoin_hashes 0.14.0",
 "hex-conservative",
 "hex_lit",
 "secp256k1 0.29.0",
]

[[package]]
name = "bitcoin-internals"
version = "0.3.0"
source = "registry+https://github.com/rust-lang/crates.io-index"
checksum = "30bdbe14aa07b06e6cfeffc529a1f099e5fbe249524f8125358604df99a4bed2"

[[package]]
name = "bitcoin-io"
version = "0.1.2"
source = "registry+https://github.com/rust-lang/crates.io-index"
checksum = "340e09e8399c7bd8912f495af6aa58bea0c9214773417ffaa8f6460f93aaee56"

[[package]]
name = "bitcoin-private"
version = "0.1.0"
source = "registry+https://github.com/rust-lang/crates.io-index"
checksum = "73290177011694f38ec25e165d0387ab7ea749a4b81cd4c80dae5988229f7a57"

[[package]]
name = "bitcoin-units"
version = "0.1.1"
source = "registry+https://github.com/rust-lang/crates.io-index"
checksum = "cb54da0b28892f3c52203a7191534033e051b6f4b52bc15480681b57b7e036f5"
dependencies = [
 "bitcoin-internals",
]

[[package]]
name = "bitcoin_hashes"
version = "0.12.0"
source = "registry+https://github.com/rust-lang/crates.io-index"
checksum = "5d7066118b13d4b20b23645932dfb3a81ce7e29f95726c2036fa33cd7b092501"
dependencies = [
 "bitcoin-private",
 "serde",
]

[[package]]
name = "bitcoin_hashes"
version = "0.14.0"
source = "registry+https://github.com/rust-lang/crates.io-index"
checksum = "bb18c03d0db0247e147a21a6faafd5a7eb851c743db062de72018b6b7e8e4d16"
dependencies = [
 "bitcoin-io",
 "hex-conservative",
]

[[package]]
name = "bitflags"
version = "1.3.2"
source = "registry+https://github.com/rust-lang/crates.io-index"
checksum = "bef38d45163c2f1dde094a7dfd33ccf595c92905c8f8f4fdc18d06fb1037718a"

[[package]]
name = "bumpalo"
version = "3.16.0"
source = "registry+https://github.com/rust-lang/crates.io-index"
checksum = "79296716171880943b8470b5f8d03aa55eb2e645a4874bdbb28adb49162e012c"

[[package]]
name = "byteorder"
version = "1.5.0"
source = "registry+https://github.com/rust-lang/crates.io-index"
checksum = "1fd0f2584146f6f2ef48085050886acf353beff7305ebd1ae69500e27c67f64b"

[[package]]
name = "cc"
version = "1.0.95"
source = "registry+https://github.com/rust-lang/crates.io-index"
checksum = "d32a725bc159af97c3e629873bb9f88fb8cf8a4867175f76dc987815ea07c83b"

[[package]]
name = "cfg-if"
version = "1.0.0"
source = "registry+https://github.com/rust-lang/crates.io-index"
checksum = "baf1de4339761588bc0619e3cbc0120ee582ebb74b53b4efbf79117bd2da40fd"

[[package]]
name = "crc32fast"
version = "1.4.0"
source = "registry+https://github.com/rust-lang/crates.io-index"
checksum = "b3855a8a784b474f333699ef2bbca9db2c4a1f6d9088a90a2d25b1eb53111eaa"
dependencies = [
 "cfg-if",
]

[[package]]
name = "crossbeam-epoch"
version = "0.9.18"
source = "registry+https://github.com/rust-lang/crates.io-index"
checksum = "5b82ac4a3c2ca9c3460964f020e1402edd5753411d7737aa39c3714ad1b5420e"
dependencies = [
 "crossbeam-utils",
]

[[package]]
name = "crossbeam-utils"
version = "0.8.19"
source = "registry+https://github.com/rust-lang/crates.io-index"
checksum = "248e3bacc7dc6baa3b21e405ee045c3047101a49145e7e9eca583ab4c2ca5345"

[[package]]
name = "dotenv"
version = "0.15.0"
source = "registry+https://github.com/rust-lang/crates.io-index"
checksum = "77c90badedccf4105eca100756a0b1289e191f6fcbdadd3cee1d2f614f97da8f"

[[package]]
name = "electrum-client"
version = "0.18.0"
source = "registry+https://github.com/rust-lang/crates.io-index"
checksum = "6bc133f1c8d829d254f013f946653cbeb2b08674b960146361d1e9b67733ad19"
dependencies = [
 "bitcoin 0.30.2",
 "bitcoin-private",
 "byteorder",
 "libc",
 "log",
 "rustls",
 "serde",
 "serde_json",
 "webpki",
 "webpki-roots",
 "winapi",
]

[[package]]
name = "fallible-iterator"
version = "0.2.0"
source = "registry+https://github.com/rust-lang/crates.io-index"
checksum = "4443176a9f2c162692bd3d352d745ef9413eec5782a80d8fd6f8a1ac692a07f7"

[[package]]
name = "fallible-streaming-iterator"
version = "0.1.9"
source = "registry+https://github.com/rust-lang/crates.io-index"
checksum = "7360491ce676a36bf9bb3c56c1aa791658183a54d2744120f27285738d90465a"

[[package]]
name = "fs2"
version = "0.4.3"
source = "registry+https://github.com/rust-lang/crates.io-index"
checksum = "9564fc758e15025b46aa6643b1b77d047d1a56a1aea6e01002ac0c7026876213"
dependencies = [
 "libc",
 "winapi",
]

[[package]]
name = "fxhash"
version = "0.2.1"
source = "registry+https://github.com/rust-lang/crates.io-index"
checksum = "c31b6d751ae2c7f11320402d34e41349dd1016f8d5d45e48c4312bc8625af50c"
dependencies = [
 "byteorder",
]

[[package]]
name = "getrandom"
version = "0.2.14"
source = "registry+https://github.com/rust-lang/crates.io-index"
checksum = "94b22e06ecb0110981051723910cbf0b5f5e09a2062dd7663334ee79a9d1286c"
dependencies = [
 "cfg-if",
 "libc",
 "wasi",
]

[[package]]
name = "gimli"
version = "0.28.1"
source = "registry+https://github.com/rust-lang/crates.io-index"
checksum = "4271d37baee1b8c7e4b708028c57d816cf9d2434acb33a549475f78c181f6253"

[[package]]
name = "hashbrown"
version = "0.14.5"
source = "registry+https://github.com/rust-lang/crates.io-index"
checksum = "e5274423e17b7c9fc20b6e7e208532f9b19825d82dfd615708b70edd83df41f1"
dependencies = [
 "ahash 0.8.11",
 "allocator-api2",
]

[[package]]
name = "hashlink"
version = "0.8.4"
source = "registry+https://github.com/rust-lang/crates.io-index"
checksum = "e8094feaf31ff591f651a2664fb9cfd92bba7a60ce3197265e9482ebe753c8f7"
dependencies = [
 "hashbrown",
]

[[package]]
name = "hex-conservative"
version = "0.2.0"
source = "registry+https://github.com/rust-lang/crates.io-index"
checksum = "e1aa273bf451e37ed35ced41c71a5e2a4e29064afb104158f2514bcd71c2c986"
dependencies = [
 "arrayvec",
]

[[package]]
name = "hex_lit"
version = "0.1.1"
source = "registry+https://github.com/rust-lang/crates.io-index"
checksum = "3011d1213f159867b13cfd6ac92d2cd5f1345762c63be3554e84092d85a50bbd"

[[package]]
name = "instant"
version = "0.1.12"
source = "registry+https://github.com/rust-lang/crates.io-index"
checksum = "7a5bbe824c507c5da5956355e86a746d82e0e1464f65d862cc5e71da70e94b2c"
dependencies = [
 "cfg-if",
]

[[package]]
name = "itoa"
version = "1.0.11"
source = "registry+https://github.com/rust-lang/crates.io-index"
checksum = "49f1f14873335454500d59611f1cf4a4b0f786f9ac11f4312a78e4cf2566695b"

[[package]]
name = "js-sys"
version = "0.3.69"
source = "registry+https://github.com/rust-lang/crates.io-index"
checksum = "29c15563dc2726973df627357ce0c9ddddbea194836909d655df6a75d2cf296d"
dependencies = [
 "wasm-bindgen",
]

[[package]]
name = "libc"
version = "0.2.153"
source = "registry+https://github.com/rust-lang/crates.io-index"
checksum = "9c198f91728a82281a64e1f4f9eeb25d82cb32a5de251c6bd1b5154d63a8e7bd"

[[package]]
name = "libsqlite3-sys"
version = "0.25.2"
source = "registry+https://github.com/rust-lang/crates.io-index"
checksum = "29f835d03d717946d28b1d1ed632eb6f0e24a299388ee623d0c23118d3e8a7fa"
dependencies = [
 "pkg-config",
 "vcpkg",
]

[[package]]
name = "lock_api"
version = "0.4.12"
source = "registry+https://github.com/rust-lang/crates.io-index"
checksum = "07af8b9cdd281b7915f413fa73f29ebd5d55d0d3f0155584dade1ff18cea1b17"
dependencies = [
 "autocfg",
 "scopeguard",
]

[[package]]
name = "log"
version = "0.4.21"
source = "registry+https://github.com/rust-lang/crates.io-index"
checksum = "90ed8c1e510134f979dbc4f070f87d4313098b704861a105fe34231c70a3901c"

[[package]]
name = "memchr"
version = "2.7.2"
source = "registry+https://github.com/rust-lang/crates.io-index"
checksum = "6c8640c5d730cb13ebd907d8d04b52f55ac9a2eec55b440c8892f40d56c76c1d"

[[package]]
name = "miniscript"
version = "10.0.0"
source = "registry+https://github.com/rust-lang/crates.io-index"
checksum = "1eb102b66b2127a872dbcc73095b7b47aeb9d92f7b03c2b2298253ffc82c7594"
dependencies = [
 "bitcoin 0.30.2",
 "bitcoin-private",
 "serde",
]

[[package]]
name = "miniz_oxide"
version = "0.7.2"
source = "registry+https://github.com/rust-lang/crates.io-index"
checksum = "9d811f3e15f28568be3407c8e7fdb6514c1cda3cb30683f15b6a1a1dc4ea14a7"
dependencies = [
 "adler",
]

[[package]]
name = "object"
version = "0.32.2"
source = "registry+https://github.com/rust-lang/crates.io-index"
checksum = "a6a622008b6e321afc04970976f62ee297fdbaa6f95318ca343e3eebb9648441"
dependencies = [
 "memchr",
]

[[package]]
name = "once_cell"
version = "1.19.0"
source = "registry+https://github.com/rust-lang/crates.io-index"
checksum = "3fdb12b2476b595f9358c5161aa467c2438859caa136dec86c26fdd2efe17b92"

[[package]]
name = "parking_lot"
version = "0.11.2"
source = "registry+https://github.com/rust-lang/crates.io-index"
checksum = "7d17b78036a60663b797adeaee46f5c9dfebb86948d1255007a1d6be0271ff99"
dependencies = [
 "instant",
 "lock_api",
 "parking_lot_core",
]

[[package]]
name = "parking_lot_core"
version = "0.8.6"
source = "registry+https://github.com/rust-lang/crates.io-index"
checksum = "60a2cfe6f0ad2bfc16aefa463b497d5c7a5ecd44a23efa72aa342d90177356dc"
dependencies = [
 "cfg-if",
 "instant",
 "libc",
 "redox_syscall",
 "smallvec",
 "winapi",
]

[[package]]
name = "pin-project-lite"
version = "0.2.14"
source = "registry+https://github.com/rust-lang/crates.io-index"
checksum = "bda66fc9667c18cb2758a2ac84d1167245054bcf85d5d1aaa6923f45801bdd02"

[[package]]
name = "pkg-config"
version = "0.3.30"
source = "registry+https://github.com/rust-lang/crates.io-index"
checksum = "d231b230927b5e4ad203db57bbcbee2802f6bce620b1e4a9024a07d94e2907ec"

[[package]]
name = "ppv-lite86"
version = "0.2.17"
source = "registry+https://github.com/rust-lang/crates.io-index"
checksum = "5b40af805b3121feab8a3c29f04d8ad262fa8e0561883e7653e024ae4479e6de"

[[package]]
name = "proc-macro2"
version = "1.0.82"
source = "registry+https://github.com/rust-lang/crates.io-index"
checksum = "8ad3d49ab951a01fbaafe34f2ec74122942fe18a3f9814c3268f1bb72042131b"
dependencies = [
 "unicode-ident",
]

[[package]]
name = "quote"
version = "1.0.36"
source = "registry+https://github.com/rust-lang/crates.io-index"
checksum = "0fa76aaf39101c457836aec0ce2316dbdc3ab723cdda1c6bd4e6ad4208acaca7"
dependencies = [
 "proc-macro2",
]

[[package]]
name = "rand"
version = "0.8.5"
source = "registry+https://github.com/rust-lang/crates.io-index"
checksum = "34af8d1a0e25924bc5b7c43c079c942339d8f0a8b57c39049bef581b46327404"
dependencies = [
 "libc",
 "rand_chacha",
 "rand_core",
]

[[package]]
name = "rand_chacha"
version = "0.3.1"
source = "registry+https://github.com/rust-lang/crates.io-index"
checksum = "e6c10a63a0fa32252be49d21e7709d4d4baf8d231c2dbce1eaa8141b9b127d88"
dependencies = [
 "ppv-lite86",
 "rand_core",
]

[[package]]
name = "rand_core"
version = "0.6.4"
source = "registry+https://github.com/rust-lang/crates.io-index"
checksum = "ec0be4795e2f6a28069bec0b5ff3e2ac9bafc99e6a9a7dc3547996c5c816922c"
dependencies = [
 "getrandom",
]

[[package]]
name = "redox_syscall"
version = "0.2.16"
source = "registry+https://github.com/rust-lang/crates.io-index"
checksum = "fb5a58c1855b4b6819d59012155603f0b22ad30cad752600aadfcb695265519a"
dependencies = [
 "bitflags",
]

[[package]]
name = "ring"
version = "0.17.8"
source = "registry+https://github.com/rust-lang/crates.io-index"
checksum = "c17fa4cb658e3583423e915b9f3acc01cceaee1860e33d59ebae66adc3a2dc0d"
dependencies = [
 "cc",
 "cfg-if",
 "getrandom",
 "libc",
 "spin",
 "untrusted",
 "windows-sys",
]

[[package]]
name = "rusqlite"
version = "0.28.0"
source = "registry+https://github.com/rust-lang/crates.io-index"
checksum = "01e213bc3ecb39ac32e81e51ebe31fd888a940515173e3a18a35f8c6e896422a"
dependencies = [
 "bitflags",
 "fallible-iterator",
 "fallible-streaming-iterator",
 "hashlink",
 "libsqlite3-sys",
 "smallvec",
]

[[package]]
name = "rust-taproot-playground"
version = "0.1.0"
dependencies = [
 "anyhow",
 "bdk",
 "bitcoin 0.32.0",
 "dotenv",
]

[[package]]
name = "rustc-demangle"
version = "0.1.24"
source = "registry+https://github.com/rust-lang/crates.io-index"
checksum = "719b953e2095829ee67db738b3bfa9fa368c94900df327b3f07fe6e794d2fe1f"

[[package]]
name = "rustls"
version = "0.21.12"
source = "registry+https://github.com/rust-lang/crates.io-index"
checksum = "3f56a14d1f48b391359b22f731fd4bd7e43c97f3c50eee276f3aa09c94784d3e"
dependencies = [
 "log",
 "ring",
 "rustls-webpki",
 "sct",
]

[[package]]
name = "rustls-webpki"
version = "0.101.7"
source = "registry+https://github.com/rust-lang/crates.io-index"
checksum = "8b6275d1ee7a1cd780b64aca7726599a1dbc893b1e64144529e55c3c2f745765"
dependencies = [
 "ring",
 "untrusted",
]

[[package]]
name = "ryu"
version = "1.0.18"
source = "registry+https://github.com/rust-lang/crates.io-index"
checksum = "f3cb5ba0dc43242ce17de99c180e96db90b235b8a9fdc9543c96d2209116bd9f"

[[package]]
name = "scopeguard"
version = "1.2.0"
source = "registry+https://github.com/rust-lang/crates.io-index"
checksum = "94143f37725109f92c262ed2cf5e59bce7498c01bcc1502d7b9afe439a4e9f49"

[[package]]
name = "sct"
version = "0.7.1"
source = "registry+https://github.com/rust-lang/crates.io-index"
checksum = "da046153aa2352493d6cb7da4b6e5c0c057d8a1d0a9aa8560baffdd945acd414"
dependencies = [
 "ring",
 "untrusted",
]

[[package]]
name = "secp256k1"
version = "0.27.0"
source = "registry+https://github.com/rust-lang/crates.io-index"
checksum = "25996b82292a7a57ed3508f052cfff8640d38d32018784acd714758b43da9c8f"
dependencies = [
 "bitcoin_hashes 0.12.0",
 "rand",
 "secp256k1-sys 0.8.1",
 "serde",
]

[[package]]
name = "secp256k1"
version = "0.29.0"
source = "registry+https://github.com/rust-lang/crates.io-index"
checksum = "0e0cc0f1cf93f4969faf3ea1c7d8a9faed25918d96affa959720823dfe86d4f3"
dependencies = [
 "bitcoin_hashes 0.14.0",
 "rand",
 "secp256k1-sys 0.10.0",
]

[[package]]
name = "secp256k1-sys"
version = "0.8.1"
source = "registry+https://github.com/rust-lang/crates.io-index"
checksum = "70a129b9e9efbfb223753b9163c4ab3b13cff7fd9c7f010fbac25ab4099fa07e"
dependencies = [
 "cc",
]

[[package]]
name = "secp256k1-sys"
version = "0.10.0"
source = "registry+https://github.com/rust-lang/crates.io-index"
checksum = "1433bd67156263443f14d603720b082dd3121779323fce20cba2aa07b874bc1b"
dependencies = [
 "cc",
]

[[package]]
name = "serde"
version = "1.0.202"
source = "registry+https://github.com/rust-lang/crates.io-index"
checksum = "226b61a0d411b2ba5ff6d7f73a476ac4f8bb900373459cd00fab8512828ba395"
dependencies = [
 "serde_derive",
]

[[package]]
name = "serde_derive"
version = "1.0.202"
source = "registry+https://github.com/rust-lang/crates.io-index"
checksum = "6048858004bcff69094cd972ed40a32500f153bd3be9f716b2eed2e8217c4838"
dependencies = [
 "proc-macro2",
 "quote",
 "syn 2.0.64",
]

[[package]]
name = "serde_json"
version = "1.0.117"
source = "registry+https://github.com/rust-lang/crates.io-index"
checksum = "455182ea6142b14f93f4bc5320a2b31c1f266b66a4a5c858b013302a5d8cbfc3"
dependencies = [
 "itoa",
 "ryu",
 "serde",
]

[[package]]
name = "sled"
version = "0.34.7"
source = "registry+https://github.com/rust-lang/crates.io-index"
checksum = "7f96b4737c2ce5987354855aed3797279def4ebf734436c6aa4552cf8e169935"
dependencies = [
 "crc32fast",
 "crossbeam-epoch",
 "crossbeam-utils",
 "fs2",
 "fxhash",
 "libc",
 "log",
 "parking_lot",
]

[[package]]
name = "smallvec"
version = "1.13.2"
source = "registry+https://github.com/rust-lang/crates.io-index"
checksum = "3c5e1a9a646d36c3599cd173a41282daf47c44583ad367b8e6837255952e5c67"

[[package]]
name = "spin"
version = "0.9.8"
source = "registry+https://github.com/rust-lang/crates.io-index"
checksum = "6980e8d7511241f8acf4aebddbb1ff938df5eebe98691418c4468d0b72a96a67"

[[package]]
name = "syn"
version = "1.0.109"
source = "registry+https://github.com/rust-lang/crates.io-index"
checksum = "72b64191b275b66ffe2469e8af2c1cfe3bafa67b529ead792a6d0160888b4237"
dependencies = [
 "proc-macro2",
 "quote",
 "unicode-ident",
]

[[package]]
name = "syn"
version = "2.0.64"
source = "registry+https://github.com/rust-lang/crates.io-index"
checksum = "7ad3dee41f36859875573074334c200d1add8e4a87bb37113ebd31d926b7b11f"
dependencies = [
 "proc-macro2",
 "quote",
 "unicode-ident",
]

[[package]]
name = "tokio"
version = "1.37.0"
source = "registry+https://github.com/rust-lang/crates.io-index"
checksum = "1adbebffeca75fcfd058afa480fb6c0b81e165a0323f9c9d39c9697e37c46787"
dependencies = [
 "backtrace",
 "pin-project-lite",
 "tokio-macros",
]

[[package]]
name = "tokio-macros"
version = "2.2.0"
source = "registry+https://github.com/rust-lang/crates.io-index"
checksum = "5b8a1e28f2deaa14e508979454cb3a223b10b938b45af148bc0986de36f1923b"
dependencies = [
 "proc-macro2",
 "quote",
 "syn 2.0.64",
]

[[package]]
name = "unicode-ident"
version = "1.0.12"
source = "registry+https://github.com/rust-lang/crates.io-index"
checksum = "3354b9ac3fae1ff6755cb6db53683adb661634f67557942dea4facebec0fee4b"

[[package]]
name = "untrusted"
version = "0.9.0"
source = "registry+https://github.com/rust-lang/crates.io-index"
checksum = "8ecb6da28b8a351d773b68d5825ac39017e680750f980f3a1a85cd8dd28a47c1"

[[package]]
name = "vcpkg"
version = "0.2.15"
source = "registry+https://github.com/rust-lang/crates.io-index"
checksum = "accd4ea62f7bb7a82fe23066fb0957d48ef677f6eeb8215f372f52e48bb32426"

[[package]]
name = "version_check"
version = "0.9.4"
source = "registry+https://github.com/rust-lang/crates.io-index"
checksum = "49874b5167b65d7193b8aba1567f5c7d93d001cafc34600cee003eda787e483f"

[[package]]
name = "wasi"
version = "0.11.0+wasi-snapshot-preview1"
source = "registry+https://github.com/rust-lang/crates.io-index"
checksum = "9c8d87e72b64a3b4db28d11ce29237c246188f4f51057d65a7eab63b7987e423"

[[package]]
name = "wasm-bindgen"
version = "0.2.92"
source = "registry+https://github.com/rust-lang/crates.io-index"
checksum = "4be2531df63900aeb2bca0daaaddec08491ee64ceecbee5076636a3b026795a8"
dependencies = [
 "cfg-if",
 "wasm-bindgen-macro",
]

[[package]]
name = "wasm-bindgen-backend"
version = "0.2.92"
source = "registry+https://github.com/rust-lang/crates.io-index"
checksum = "614d787b966d3989fa7bb98a654e369c762374fd3213d212cfc0251257e747da"
dependencies = [
 "bumpalo",
 "log",
 "once_cell",
 "proc-macro2",
 "quote",
 "syn 2.0.64",
 "wasm-bindgen-shared",
]

[[package]]
name = "wasm-bindgen-macro"
version = "0.2.92"
source = "registry+https://github.com/rust-lang/crates.io-index"
checksum = "a1f8823de937b71b9460c0c34e25f3da88250760bec0ebac694b49997550d726"
dependencies = [
 "quote",
 "wasm-bindgen-macro-support",
]

[[package]]
name = "wasm-bindgen-macro-support"
version = "0.2.92"
source = "registry+https://github.com/rust-lang/crates.io-index"
checksum = "e94f17b526d0a461a191c78ea52bbce64071ed5c04c9ffe424dcb38f74171bb7"
dependencies = [
 "proc-macro2",
 "quote",
 "syn 2.0.64",
 "wasm-bindgen-backend",
 "wasm-bindgen-shared",
]

[[package]]
name = "wasm-bindgen-shared"
version = "0.2.92"
source = "registry+https://github.com/rust-lang/crates.io-index"
checksum = "af190c94f2773fdb3729c55b007a722abb5384da03bc0986df4c289bf5567e96"

[[package]]
name = "webpki"
version = "0.22.4"
source = "registry+https://github.com/rust-lang/crates.io-index"
checksum = "ed63aea5ce73d0ff405984102c42de94fc55a6b75765d621c65262469b3c9b53"
dependencies = [
 "ring",
 "untrusted",
]

[[package]]
name = "webpki-roots"
version = "0.22.6"
source = "registry+https://github.com/rust-lang/crates.io-index"
checksum = "b6c71e40d7d2c34a5106301fb632274ca37242cd0c9d3e64dbece371a40a2d87"
dependencies = [
 "webpki",
]

[[package]]
name = "winapi"
version = "0.3.9"
source = "registry+https://github.com/rust-lang/crates.io-index"
checksum = "5c839a674fcd7a98952e593242ea400abe93992746761e38641405d28b00f419"
dependencies = [
 "winapi-i686-pc-windows-gnu",
 "winapi-x86_64-pc-windows-gnu",
]

[[package]]
name = "winapi-i686-pc-windows-gnu"
version = "0.4.0"
source = "registry+https://github.com/rust-lang/crates.io-index"
checksum = "ac3b87c63620426dd9b991e5ce0329eff545bccbbb34f3be09ff6fb6ab51b7b6"

[[package]]
name = "winapi-x86_64-pc-windows-gnu"
version = "0.4.0"
source = "registry+https://github.com/rust-lang/crates.io-index"
checksum = "712e227841d057c1ee1cd2fb22fa7e5a5461ae8e48fa2ca79ec42cfc1931183f"

[[package]]
name = "windows-sys"
version = "0.52.0"
source = "registry+https://github.com/rust-lang/crates.io-index"
checksum = "282be5f36a8ce781fad8c8ae18fa3f9beff57ec1b52cb3de0789201425d9a33d"
dependencies = [
 "windows-targets",
]

[[package]]
name = "windows-targets"
version = "0.52.5"
source = "registry+https://github.com/rust-lang/crates.io-index"
checksum = "6f0713a46559409d202e70e28227288446bf7841d3211583a4b53e3f6d96e7eb"
dependencies = [
 "windows_aarch64_gnullvm",
 "windows_aarch64_msvc",
 "windows_i686_gnu",
 "windows_i686_gnullvm",
 "windows_i686_msvc",
 "windows_x86_64_gnu",
 "windows_x86_64_gnullvm",
 "windows_x86_64_msvc",
]

[[package]]
name = "windows_aarch64_gnullvm"
version = "0.52.5"
source = "registry+https://github.com/rust-lang/crates.io-index"
checksum = "7088eed71e8b8dda258ecc8bac5fb1153c5cffaf2578fc8ff5d61e23578d3263"

[[package]]
name = "windows_aarch64_msvc"
version = "0.52.5"
source = "registry+https://github.com/rust-lang/crates.io-index"
checksum = "9985fd1504e250c615ca5f281c3f7a6da76213ebd5ccc9561496568a2752afb6"

[[package]]
name = "windows_i686_gnu"
version = "0.52.5"
source = "registry+https://github.com/rust-lang/crates.io-index"
checksum = "88ba073cf16d5372720ec942a8ccbf61626074c6d4dd2e745299726ce8b89670"

[[package]]
name = "windows_i686_gnullvm"
version = "0.52.5"
source = "registry+https://github.com/rust-lang/crates.io-index"
checksum = "87f4261229030a858f36b459e748ae97545d6f1ec60e5e0d6a3d32e0dc232ee9"

[[package]]
name = "windows_i686_msvc"
version = "0.52.5"
source = "registry+https://github.com/rust-lang/crates.io-index"
checksum = "db3c2bf3d13d5b658be73463284eaf12830ac9a26a90c717b7f771dfe97487bf"

[[package]]
name = "windows_x86_64_gnu"
version = "0.52.5"
source = "registry+https://github.com/rust-lang/crates.io-index"
checksum = "4e4246f76bdeff09eb48875a0fd3e2af6aada79d409d33011886d3e1581517d9"

[[package]]
name = "windows_x86_64_gnullvm"
version = "0.52.5"
source = "registry+https://github.com/rust-lang/crates.io-index"
checksum = "852298e482cd67c356ddd9570386e2862b5673c85bd5f88df9ab6802b334c596"

[[package]]
name = "windows_x86_64_msvc"
version = "0.52.5"
source = "registry+https://github.com/rust-lang/crates.io-index"
checksum = "bec47e5bfd1bff0eeaf6d8b485cc1074891a197ab4225d504cb7a1ab88b02bf0"

[[package]]
name = "zerocopy"
version = "0.7.34"
source = "registry+https://github.com/rust-lang/crates.io-index"
checksum = "ae87e3fcd617500e5d106f0380cf7b77f3c6092aae37191433159dda23cfb087"
dependencies = [
 "zerocopy-derive",
]

[[package]]
name = "zerocopy-derive"
version = "0.7.34"
source = "registry+https://github.com/rust-lang/crates.io-index"
checksum = "15e934569e47891f7d9411f1a451d947a60e000ab3bd24fbb970f000387d1b3b"
dependencies = [
 "proc-macro2",
 "quote",
 "syn 2.0.64",
]
